
Microsoft Visual Studio Solution File, Format Version 12.00
# Visual Studio 2012
Project("{FAE04EC0-301F-11D3-BF4B-00C04F79EFBC}") = "HackBulgaria-3-Query-Language-Over-CSV", "HackBulgaria-3-Query-Language-Over-CSV\HackBulgaria-3-Query-Language-Over-CSV.csproj", "{9B13040D-3D7D-4DC0-A191-D2782ADAAF92}"
EndProject
Global
	GlobalSection(SolutionConfigurationPlatforms) = preSolution
		Debug|Any CPU = Debug|Any CPU
		Release|Any CPU = Release|Any CPU
	EndGlobalSection
	GlobalSection(ProjectConfigurationPlatforms) = postSolution
		{9B13040D-3D7D-4DC0-A191-D2782ADAAF92}.Debug|Any CPU.ActiveCfg = Debug|Any CPU
		{9B13040D-3D7D-4DC0-A191-D2782ADAAF92}.Debug|Any CPU.Build.0 = Debug|Any CPU
		{9B13040D-3D7D-4DC0-A191-D2782ADAAF92}.Release|Any CPU.ActiveCfg = Release|Any CPU
		{9B13040D-3D7D-4DC0-A191-D2782ADAAF92}.Release|Any CPU.Build.0 = Release|Any CPU
	EndGlobalSection
	GlobalSection(SolutionProperties) = preSolution
		HideSolutionNode = FALSE
	EndGlobalSection
EndGlobal
